
Microsoft Visual Studio Solution File, Format Version 12.00
# Visual Studio Version 17
VisualStudioVersion = 17.2.32519.379
MinimumVisualStudioVersion = 10.0.40219.1
Project("{FAE04EC0-301F-11D3-BF4B-00C04F79EFBC}") = "crud", "crud\crud.csproj", "{12159625-862D-4338-A948-D60D76EAA8A7}"
EndProject
Global
	GlobalSection(SolutionConfigurationPlatforms) = preSolution
		Debug|Any CPU = Debug|Any CPU
		Release|Any CPU = Release|Any CPU
	EndGlobalSection
	GlobalSection(ProjectConfigurationPlatforms) = postSolution
		{12159625-862D-4338-A948-D60D76EAA8A7}.Debug|Any CPU.ActiveCfg = Debug|Any CPU
		{12159625-862D-4338-A948-D60D76EAA8A7}.Debug|Any CPU.Build.0 = Debug|Any CPU
		{12159625-862D-4338-A948-D60D76EAA8A7}.Release|Any CPU.ActiveCfg = Release|Any CPU
		{12159625-862D-4338-A948-D60D76EAA8A7}.Release|Any CPU.Build.0 = Release|Any CPU
	EndGlobalSection
	GlobalSection(SolutionProperties) = preSolution
		HideSolutionNode = FALSE
	EndGlobalSection
	GlobalSection(ExtensibilityGlobals) = postSolution
		SolutionGuid = {53EB5E4A-C779-410B-92A8-892AA407C95F}
	EndGlobalSection
EndGlobal
